// !$*UTF8*$!
{
	archiveVersion = 1;
	classes = {
	};
	objectVersion = 55;
	objects = {

/* Begin PBXBuildFile section */
		7B40A022275BE7CE0021D27D /* AppDelegate.swift in Sources */ = {isa = PBXBuildFile; fileRef = 7B40A021275BE7CE0021D27D /* AppDelegate.swift */; };
		7B40A024275BE7CE0021D27D /* SceneDelegate.swift in Sources */ = {isa = PBXBuildFile; fileRef = 7B40A023275BE7CE0021D27D /* SceneDelegate.swift */; };
		7B40A026275BE7CE0021D27D /* ViewController.swift in Sources */ = {isa = PBXBuildFile; fileRef = 7B40A025275BE7CE0021D27D /* ViewController.swift */; };
		7B40A029275BE7CE0021D27D /* Main.storyboard in Resources */ = {isa = PBXBuildFile; fileRef = 7B40A027275BE7CE0021D27D /* Main.storyboard */; };
		7B40A02C275BE7CE0021D27D /* kiliaro.xcdatamodeld in Sources */ = {isa = PBXBuildFile; fileRef = 7B40A02A275BE7CE0021D27D /* kiliaro.xcdatamodeld */; };
		7B40A02E275BE7D00021D27D /* Assets.xcassets in Resources */ = {isa = PBXBuildFile; fileRef = 7B40A02D275BE7D00021D27D /* Assets.xcassets */; };
		7B40A031275BE7D00021D27D /* LaunchScreen.storyboard in Resources */ = {isa = PBXBuildFile; fileRef = 7B40A02F275BE7D00021D27D /* LaunchScreen.storyboard */; };
		7B40A03C275BE7D00021D27D /* kiliaroTests.swift in Sources */ = {isa = PBXBuildFile; fileRef = 7B40A03B275BE7D00021D27D /* kiliaroTests.swift */; };
		7B40A046275BE7D10021D27D /* kiliaroUITests.swift in Sources */ = {isa = PBXBuildFile; fileRef = 7B40A045275BE7D10021D27D /* kiliaroUITests.swift */; };
		7B40A048275BE7D10021D27D /* kiliaroUITestsLaunchTests.swift in Sources */ = {isa = PBXBuildFile; fileRef = 7B40A047275BE7D10021D27D /* kiliaroUITestsLaunchTests.swift */; };
/* End PBXBuildFile section */

/* Begin PBXContainerItemProxy section */
		7B40A038275BE7D00021D27D /* PBXContainerItemProxy */ = {
			isa = PBXContainerItemProxy;
			containerPortal = 7B40A016275BE7CE0021D27D /* Project object */;
			proxyType = 1;
			remoteGlobalIDString = 7B40A01D275BE7CE0021D27D;
			remoteInfo = kiliaro;
		};
		7B40A042275BE7D10021D27D /* PBXContainerItemProxy */ = {
			isa = PBXContainerItemProxy;
			containerPortal = 7B40A016275BE7CE0021D27D /* Project object */;
			proxyType = 1;
			remoteGlobalIDString = 7B40A01D275BE7CE0021D27D;
			remoteInfo = kiliaro;
		};
/* End PBXContainerItemProxy section */

/* Begin PBXFileReference section */
		7B40A01E275BE7CE0021D27D /* kiliaro.app */ = {isa = PBXFileReference; explicitFileType = wrapper.application; includeInIndex = 0; path = kiliaro.app; sourceTree = BUILT_PRODUCTS_DIR; };
		7B40A021275BE7CE0021D27D /* AppDelegate.swift */ = {isa = PBXFileReference; lastKnownFileType = sourcecode.swift; path = AppDelegate.swift; sourceTree = "<group>"; };
		7B40A023275BE7CE0021D27D /* SceneDelegate.swift */ = {isa = PBXFileReference; lastKnownFileType = sourcecode.swift; path = SceneDelegate.swift; sourceTree = "<group>"; };
		7B40A025275BE7CE0021D27D /* ViewController.swift */ = {isa = PBXFileReference; lastKnownFileType = sourcecode.swift; path = ViewController.swift; sourceTree = "<group>"; };
		7B40A028275BE7CE0021D27D /* Base */ = {isa = PBXFileReference; lastKnownFileType = file.storyboard; name = Base; path = Base.lproj/Main.storyboard; sourceTree = "<group>"; };
		7B40A02B275BE7CE0021D27D /* kiliaro.xcdatamodel */ = {isa = PBXFileReference; lastKnownFileType = wrapper.xcdatamodel; path = kiliaro.xcdatamodel; sourceTree = "<group>"; };
		7B40A02D275BE7D00021D27D /* Assets.xcassets */ = {isa = PBXFileReference; lastKnownFileType = folder.assetcatalog; path = Assets.xcassets; sourceTree = "<group>"; };
		7B40A030275BE7D00021D27D /* Base */ = {isa = PBXFileReference; lastKnownFileType = file.storyboard; name = Base; path = Base.lproj/LaunchScreen.storyboard; sourceTree = "<group>"; };
		7B40A032275BE7D00021D27D /* Info.plist */ = {isa = PBXFileReference; lastKnownFileType = text.plist.xml; path = Info.plist; sourceTree = "<group>"; };
		7B40A037275BE7D00021D27D /* kiliaroTests.xctest */ = {isa = PBXFileReference; explicitFileType = wrapper.cfbundle; includeInIndex = 0; path = kiliaroTests.xctest; sourceTree = BUILT_PRODUCTS_DIR; };
		7B40A03B275BE7D00021D27D /* kiliaroTests.swift */ = {isa = PBXFileReference; lastKnownFileType = sourcecode.swift; path = kiliaroTests.swift; sourceTree = "<group>"; };
		7B40A041275BE7D10021D27D /* kiliaroUITests.xctest */ = {isa = PBXFileReference; explicitFileType = wrapper.cfbundle; includeInIndex = 0; path = kiliaroUITests.xctest; sourceTree = BUILT_PRODUCTS_DIR; };
		7B40A045275BE7D10021D27D /* kiliaroUITests.swift */ = {isa = PBXFileReference; lastKnownFileType = sourcecode.swift; path = kiliaroUITests.swift; sourceTree = "<group>"; };
		7B40A047275BE7D10021D27D /* kiliaroUITestsLaunchTests.swift */ = {isa = PBXFileReference; lastKnownFileType = sourcecode.swift; path = kiliaroUITestsLaunchTests.swift; sourceTree = "<group>"; };
/* End PBXFileReference section */

/* Begin PBXFrameworksBuildPhase section */
		7B40A01B275BE7CE0021D27D /* Frameworks */ = {
			isa = PBXFrameworksBuildPhase;
			buildActionMask = 2147483647;
			files = (
			);
			runOnlyForDeploymentPostprocessing = 0;
		};
		7B40A034275BE7D00021D27D /* Frameworks */ = {
			isa = PBXFrameworksBuildPhase;
			buildActionMask = 2147483647;
			files = (
			);
			runOnlyForDeploymentPostprocessing = 0;
		};
		7B40A03E275BE7D10021D27D /* Frameworks */ = {
			isa = PBXFrameworksBuildPhase;
			buildActionMask = 2147483647;
			files = (
			);
			runOnlyForDeploymentPostprocessing = 0;
		};
/* End PBXFrameworksBuildPhase section */

/* Begin PBXGroup section */
		7B40A015275BE7CE0021D27D = {
			isa = PBXGroup;
			children = (
				7B40A020275BE7CE0021D27D /* kiliaro */,
				7B40A03A275BE7D00021D27D /* kiliaroTests */,
				7B40A044275BE7D10021D27D /* kiliaroUITests */,
				7B40A01F275BE7CE0021D27D /* Products */,
			);
			sourceTree = "<group>";
		};
		7B40A01F275BE7CE0021D27D /* Products */ = {
			isa = PBXGroup;
			children = (
				7B40A01E275BE7CE0021D27D /* kiliaro.app */,
				7B40A037275BE7D00021D27D /* kiliaroTests.xctest */,
				7B40A041275BE7D10021D27D /* kiliaroUITests.xctest */,
			);
			name = Products;
			sourceTree = "<group>";
		};
		7B40A020275BE7CE0021D27D /* kiliaro */ = {
			isa = PBXGroup;
			children = (
				7B40A021275BE7CE0021D27D /* AppDelegate.swift */,
				7B40A023275BE7CE0021D27D /* SceneDelegate.swift */,
				7B40A025275BE7CE0021D27D /* ViewController.swift */,
				7B40A027275BE7CE0021D27D /* Main.storyboard */,
				7B40A02D275BE7D00021D27D /* Assets.xcassets */,
				7B40A02F275BE7D00021D27D /* LaunchScreen.storyboard */,
				7B40A032275BE7D00021D27D /* Info.plist */,
				7B40A02A275BE7CE0021D27D /* kiliaro.xcdatamodeld */,
			);
			path = kiliaro;
			sourceTree = "<group>";
		};
		7B40A03A275BE7D00021D27D /* kiliaroTests */ = {
			isa = PBXGroup;
			children = (
				7B40A03B275BE7D00021D27D /* kiliaroTests.swift */,
			);
			path = kiliaroTests;
			sourceTree = "<group>";
		};
		7B40A044275BE7D10021D27D /* kiliaroUITests */ = {
			isa = PBXGroup;
			children = (
				7B40A045275BE7D10021D27D /* kiliaroUITests.swift */,
				7B40A047275BE7D10021D27D /* kiliaroUITestsLaunchTests.swift */,
			);
			path = kiliaroUITests;
			sourceTree = "<group>";
		};
/* End PBXGroup section */

/* Begin PBXNativeTarget section */
		7B40A01D275BE7CE0021D27D /* kiliaro */ = {
			isa = PBXNativeTarget;
			buildConfigurationList = 7B40A04B275BE7D10021D27D /* Build configuration list for PBXNativeTarget "kiliaro" */;
			buildPhases = (
				7B40A01A275BE7CE0021D27D /* Sources */,
				7B40A01B275BE7CE0021D27D /* Frameworks */,
				7B40A01C275BE7CE0021D27D /* Resources */,
			);
			buildRules = (
			);
			dependencies = (
			);
			name = kiliaro;
			productName = kiliaro;
			productReference = 7B40A01E275BE7CE0021D27D /* kiliaro.app */;
			productType = "com.apple.product-type.application";
		};
		7B40A036275BE7D00021D27D /* kiliaroTests */ = {
			isa = PBXNativeTarget;
			buildConfigurationList = 7B40A04E275BE7D10021D27D /* Build configuration list for PBXNativeTarget "kiliaroTests" */;
			buildPhases = (
				7B40A033275BE7D00021D27D /* Sources */,
				7B40A034275BE7D00021D27D /* Frameworks */,
				7B40A035275BE7D00021D27D /* Resources */,
			);
			buildRules = (
			);
			dependencies = (
				7B40A039275BE7D00021D27D /* PBXTargetDependency */,
			);
			name = kiliaroTests;
			productName = kiliaroTests;
			productReference = 7B40A037275BE7D00021D27D /* kiliaroTests.xctest */;
			productType = "com.apple.product-type.bundle.unit-test";
		};
		7B40A040275BE7D10021D27D /* kiliaroUITests */ = {
			isa = PBXNativeTarget;
			buildConfigurationList = 7B40A051275BE7D10021D27D /* Build configuration list for PBXNativeTarget "kiliaroUITests" */;
			buildPhases = (
				7B40A03D275BE7D10021D27D /* Sources */,
				7B40A03E275BE7D10021D27D /* Frameworks */,
				7B40A03F275BE7D10021D27D /* Resources */,
			);
			buildRules = (
			);
			dependencies = (
				7B40A043275BE7D10021D27D /* PBXTargetDependency */,
			);
			name = kiliaroUITests;
			productName = kiliaroUITests;
			productReference = 7B40A041275BE7D10021D27D /* kiliaroUITests.xctest */;
			productType = "com.apple.product-type.bundle.ui-testing";
		};
/* End PBXNativeTarget section */

/* Begin PBXProject section */
		7B40A016275BE7CE0021D27D /* Project object */ = {
			isa = PBXProject;
			attributes = {
				BuildIndependentTargetsInParallel = 1;
				LastSwiftUpdateCheck = 1300;
				LastUpgradeCheck = 1300;
				TargetAttributes = {
					7B40A01D275BE7CE0021D27D = {
						CreatedOnToolsVersion = 13.0;
					};
					7B40A036275BE7D00021D27D = {
						CreatedOnToolsVersion = 13.0;
						TestTargetID = 7B40A01D275BE7CE0021D27D;
					};
					7B40A040275BE7D10021D27D = {
						CreatedOnToolsVersion = 13.0;
						TestTargetID = 7B40A01D275BE7CE0021D27D;
					};
				};
			};
			buildConfigurationList = 7B40A019275BE7CE0021D27D /* Build configuration list for PBXProject "kiliaro" */;
			compatibilityVersion = "Xcode 13.0";
			developmentRegion = en;
			hasScannedForEncodings = 0;
			knownRegions = (
				en,
				Base,
			);
			mainGroup = 7B40A015275BE7CE0021D27D;
			productRefGroup = 7B40A01F275BE7CE0021D27D /* Products */;
			projectDirPath = "";
			projectRoot = "";
			targets = (
				7B40A01D275BE7CE0021D27D /* kiliaro */,
				7B40A036275BE7D00021D27D /* kiliaroTests */,
				7B40A040275BE7D10021D27D /* kiliaroUITests */,
			);
		};
/* End PBXProject section */

/* Begin PBXResourcesBuildPhase section */
		7B40A01C275BE7CE0021D27D /* Resources */ = {
			isa = PBXResourcesBuildPhase;
			buildActionMask = 2147483647;
			files = (
				7B40A031275BE7D00021D27D /* LaunchScreen.storyboard in Resources */,
				7B40A02E275BE7D00021D27D /* Assets.xcassets in Resources */,
				7B40A029275BE7CE0021D27D /* Main.storyboard in Resources */,
			);
			runOnlyForDeploymentPostprocessing = 0;
		};
		7B40A035275BE7D00021D27D /* Resources */ = {
			isa = PBXResourcesBuildPhase;
			buildActionMask = 2147483647;
			files = (
			);
			runOnlyForDeploymentPostprocessing = 0;
		};
		7B40A03F275BE7D10021D27D /* Resources */ = {
			isa = PBXResourcesBuildPhase;
			buildActionMask = 2147483647;
			files = (
			);
			runOnlyForDeploymentPostprocessing = 0;
		};
/* End PBXResourcesBuildPhase section */

/* Begin PBXSourcesBuildPhase section */
		7B40A01A275BE7CE0021D27D /* Sources */ = {
			isa = PBXSourcesBuildPhase;
			buildActionMask = 2147483647;
			files = (
				7B40A026275BE7CE0021D27D /* ViewController.swift in Sources */,
				7B40A022275BE7CE0021D27D /* AppDelegate.swift in Sources */,
				7B40A024275BE7CE0021D27D /* SceneDelegate.swift in Sources */,
				7B40A02C275BE7CE0021D27D /* kiliaro.xcdatamodeld in Sources */,
			);
			runOnlyForDeploymentPostprocessing = 0;
		};
		7B40A033275BE7D00021D27D /* Sources */ = {
			isa = PBXSourcesBuildPhase;
			buildActionMask = 2147483647;
			files = (
				7B40A03C275BE7D00021D27D /* kiliaroTests.swift in Sources */,
			);
			runOnlyForDeploymentPostprocessing = 0;
		};
		7B40A03D275BE7D10021D27D /* Sources */ = {
			isa = PBXSourcesBuildPhase;
			buildActionMask = 2147483647;
			files = (
				7B40A048275BE7D10021D27D /* kiliaroUITestsLaunchTests.swift in Sources */,
				7B40A046275BE7D10021D27D /* kiliaroUITests.swift in Sources */,
			);
			runOnlyForDeploymentPostprocessing = 0;
		};
/* End PBXSourcesBuildPhase section */

/* Begin PBXTargetDependency section */
		7B40A039275BE7D00021D27D /* PBXTargetDependency */ = {
			isa = PBXTargetDependency;
			target = 7B40A01D275BE7CE0021D27D /* kiliaro */;
			targetProxy = 7B40A038275BE7D00021D27D /* PBXContainerItemProxy */;
		};
		7B40A043275BE7D10021D27D /* PBXTargetDependency */ = {
			isa = PBXTargetDependency;
			target = 7B40A01D275BE7CE0021D27D /* kiliaro */;
			targetProxy = 7B40A042275BE7D10021D27D /* PBXContainerItemProxy */;
		};
/* End PBXTargetDependency section */

/* Begin PBXVariantGroup section */
		7B40A027275BE7CE0021D27D /* Main.storyboard */ = {
			isa = PBXVariantGroup;
			children = (
				7B40A028275BE7CE0021D27D /* Base */,
			);
			name = Main.storyboard;
			sourceTree = "<group>";
		};
		7B40A02F275BE7D00021D27D /* LaunchScreen.storyboard */ = {
			isa = PBXVariantGroup;
			children = (
				7B40A030275BE7D00021D27D /* Base */,
			);
			name = LaunchScreen.storyboard;
			sourceTree = "<group>";
		};
/* End PBXVariantGroup section */

/* Begin XCBuildConfiguration section */
		7B40A049275BE7D10021D27D /* Debug */ = {
			isa = XCBuildConfiguration;
			buildSettings = {
				ALWAYS_SEARCH_USER_PATHS = NO;
				CLANG_ANALYZER_NONNULL = YES;
				CLANG_ANALYZER_NUMBER_OBJECT_CONVERSION = YES_AGGRESSIVE;
				CLANG_CXX_LANGUAGE_STANDARD = "gnu++17";
				CLANG_CXX_LIBRARY = "libc++";
				CLANG_ENABLE_MODULES = YES;
				CLANG_ENABLE_OBJC_ARC = YES;
				CLANG_ENABLE_OBJC_WEAK = YES;
				CLANG_WARN_BLOCK_CAPTURE_AUTORELEASING = YES;
				CLANG_WARN_BOOL_CONVERSION = YES;
				CLANG_WARN_COMMA = YES;
				CLANG_WARN_CONSTANT_CONVERSION = YES;
				CLANG_WARN_DEPRECATED_OBJC_IMPLEMENTATIONS = YES;
				CLANG_WARN_DIRECT_OBJC_ISA_USAGE = YES_ERROR;
				CLANG_WARN_DOCUMENTATION_COMMENTS = YES;
				CLANG_WARN_EMPTY_BODY = YES;
				CLANG_WARN_ENUM_CONVERSION = YES;
				CLANG_WARN_INFINITE_RECURSION = YES;
				CLANG_WARN_INT_CONVERSION = YES;
				CLANG_WARN_NON_LITERAL_NULL_CONVERSION = YES;
				CLANG_WARN_OBJC_IMPLICIT_RETAIN_SELF = YES;
				CLANG_WARN_OBJC_LITERAL_CONVERSION = YES;
				CLANG_WARN_OBJC_ROOT_CLASS = YES_ERROR;
				CLANG_WARN_QUOTED_INCLUDE_IN_FRAMEWORK_HEADER = YES;
				CLANG_WARN_RANGE_LOOP_ANALYSIS = YES;
				CLANG_WARN_STRICT_PROTOTYPES = YES;
				CLANG_WARN_SUSPICIOUS_MOVE = YES;
				CLANG_WARN_UNGUARDED_AVAILABILITY = YES_AGGRESSIVE;
				CLANG_WARN_UNREACHABLE_CODE = YES;
				CLANG_WARN__DUPLICATE_METHOD_MATCH = YES;
				COPY_PHASE_STRIP = NO;
				DEBUG_INFORMATION_FORMAT = dwarf;
				ENABLE_STRICT_OBJC_MSGSEND = YES;
				ENABLE_TESTABILITY = YES;
				GCC_C_LANGUAGE_STANDARD = gnu11;
				GCC_DYNAMIC_NO_PIC = NO;
				GCC_NO_COMMON_BLOCKS = YES;
				GCC_OPTIMIZATION_LEVEL = 0;
				GCC_PREPROCESSOR_DEFINITIONS = (
					"DEBUG=1",
					"$(inherited)",
				);
				GCC_WARN_64_TO_32_BIT_CONVERSION = YES;
				GCC_WARN_ABOUT_RETURN_TYPE = YES_ERROR;
				GCC_WARN_UNDECLARED_SELECTOR = YES;
				GCC_WARN_UNINITIALIZED_AUTOS = YES_AGGRESSIVE;
				GCC_WARN_UNUSED_FUNCTION = YES;
				GCC_WARN_UNUSED_VARIABLE = YES;
				IPHONEOS_DEPLOYMENT_TARGET = 15.0;
				MTL_ENABLE_DEBUG_INFO = INCLUDE_SOURCE;
				MTL_FAST_MATH = YES;
				ONLY_ACTIVE_ARCH = YES;
				SDKROOT = iphoneos;
				SWIFT_ACTIVE_COMPILATION_CONDITIONS = DEBUG;
				SWIFT_OPTIMIZATION_LEVEL = "-Onone";
			};
			name = Debug;
		};
		7B40A04A275BE7D10021D27D /* Release */ = {
			isa = XCBuildConfiguration;
			buildSettings = {
				ALWAYS_SEARCH_USER_PATHS = NO;
				CLANG_ANALYZER_NONNULL = YES;
				CLANG_ANALYZER_NUMBER_OBJECT_CONVERSION = YES_AGGRESSIVE;
				CLANG_CXX_LANGUAGE_STANDARD = "gnu++17";
				CLANG_CXX_LIBRARY = "libc++";
				CLANG_ENABLE_MODULES = YES;
				CLANG_ENABLE_OBJC_ARC = YES;
				CLANG_ENABLE_OBJC_WEAK = YES;
				CLANG_WARN_BLOCK_CAPTURE_AUTORELEASING = YES;
				CLANG_WARN_BOOL_CONVERSION = YES;
				CLANG_WARN_COMMA = YES;
				CLANG_WARN_CONSTANT_CONVERSION = YES;
				CLANG_WARN_DEPRECATED_OBJC_IMPLEMENTATIONS = YES;
				CLANG_WARN_DIRECT_OBJC_ISA_USAGE = YES_ERROR;
				CLANG_WARN_DOCUMENTATION_COMMENTS = YES;
				CLANG_WARN_EMPTY_BODY = YES;
				CLANG_WARN_ENUM_CONVERSION = YES;
				CLANG_WARN_INFINITE_RECURSION = YES;
				CLANG_WARN_INT_CONVERSION = YES;
				CLANG_WARN_NON_LITERAL_NULL_CONVERSION = YES;
				CLANG_WARN_OBJC_IMPLICIT_RETAIN_SELF = YES;
				CLANG_WARN_OBJC_LITERAL_CONVERSION = YES;
				CLANG_WARN_OBJC_ROOT_CLASS = YES_ERROR;
				CLANG_WARN_QUOTED_INCLUDE_IN_FRAMEWORK_HEADER = YES;
				CLANG_WARN_RANGE_LOOP_ANALYSIS = YES;
				CLANG_WARN_STRICT_PROTOTYPES = YES;
				CLANG_WARN_SUSPICIOUS_MOVE = YES;
				CLANG_WARN_UNGUARDED_AVAILABILITY = YES_AGGRESSIVE;
				CLANG_WARN_UNREACHABLE_CODE = YES;
				CLANG_WARN__DUPLICATE_METHOD_MATCH = YES;
				COPY_PHASE_STRIP = NO;
				DEBUG_INFORMATION_FORMAT = "dwarf-with-dsym";
				ENABLE_NS_ASSERTIONS = NO;
				ENABLE_STRICT_OBJC_MSGSEND = YES;
				GCC_C_LANGUAGE_STANDARD = gnu11;
				GCC_NO_COMMON_BLOCKS = YES;
				GCC_WARN_64_TO_32_BIT_CONVERSION = YES;
				GCC_WARN_ABOUT_RETURN_TYPE = YES_ERROR;
				GCC_WARN_UNDECLARED_SELECTOR = YES;
				GCC_WARN_UNINITIALIZED_AUTOS = YES_AGGRESSIVE;
				GCC_WARN_UNUSED_FUNCTION = YES;
				GCC_WARN_UNUSED_VARIABLE = YES;
				IPHONEOS_DEPLOYMENT_TARGET = 15.0;
				MTL_ENABLE_DEBUG_INFO = NO;
				MTL_FAST_MATH = YES;
				SDKROOT = iphoneos;
				SWIFT_COMPILATION_MODE = wholemodule;
				SWIFT_OPTIMIZATION_LEVEL = "-O";
				VALIDATE_PRODUCT = YES;
			};
			name = Release;
		};
		7B40A04C275BE7D10021D27D /* Debug */ = {
			isa = XCBuildConfiguration;
			buildSettings = {
				ASSETCATALOG_COMPILER_APPICON_NAME = AppIcon;
				ASSETCATALOG_COMPILER_GLOBAL_ACCENT_COLOR_NAME = AccentColor;
				CODE_SIGN_STYLE = Automatic;
				CURRENT_PROJECT_VERSION = 1;
				DEVELOPMENT_TEAM = BW7XZA6U32;
				GENERATE_INFOPLIST_FILE = YES;
				INFOPLIST_FILE = kiliaro/Info.plist;
				INFOPLIST_KEY_UIApplicationSupportsIndirectInputEvents = YES;
				INFOPLIST_KEY_UILaunchStoryboardName = LaunchScreen;
				INFOPLIST_KEY_UIMainStoryboardFile = Main;
				INFOPLIST_KEY_UISupportedInterfaceOrientations_iPad = "UIInterfaceOrientationPortrait UIInterfaceOrientationPortraitUpsideDown UIInterfaceOrientationLandscapeLeft UIInterfaceOrientationLandscapeRight";
				INFOPLIST_KEY_UISupportedInterfaceOrientations_iPhone = "UIInterfaceOrientationPortrait UIInterfaceOrientationLandscapeLeft UIInterfaceOrientationLandscapeRight";
				LD_RUNPATH_SEARCH_PATHS = (
					"$(inherited)",
					"@executable_path/Frameworks",
				);
				MARKETING_VERSION = 1.0;
				PRODUCT_BUNDLE_IDENTIFIER = com.beyrami.kiliaro;
				PRODUCT_NAME = "$(TARGET_NAME)";
				SWIFT_EMIT_LOC_STRINGS = YES;
				SWIFT_VERSION = 5.0;
				TARGETED_DEVICE_FAMILY = "1,2";
			};
			name = Debug;
		};
		7B40A04D275BE7D10021D27D /* Release */ = {
			isa = XCBuildConfiguration;
			buildSettings = {
				ASSETCATALOG_COMPILER_APPICON_NAME = AppIcon;
				ASSETCATALOG_COMPILER_GLOBAL_ACCENT_COLOR_NAME = AccentColor;
				CODE_SIGN_STYLE = Automatic;
				CURRENT_PROJECT_VERSION = 1;
				DEVELOPMENT_TEAM = BW7XZA6U32;
				GENERATE_INFOPLIST_FILE = YES;
				INFOPLIST_FILE = kiliaro/Info.plist;
				INFOPLIST_KEY_UIApplicationSupportsIndirectInputEvents = YES;
				INFOPLIST_KEY_UILaunchStoryboardName = LaunchScreen;
				INFOPLIST_KEY_UIMainStoryboardFile = Main;
				INFOPLIST_KEY_UISupportedInterfaceOrientations_iPad = "UIInterfaceOrientationPortrait UIInterfaceOrientationPortraitUpsideDown UIInterfaceOrientationLandscapeLeft UIInterfaceOrientationLandscapeRight";
				INFOPLIST_KEY_UISupportedInterfaceOrientations_iPhone = "UIInterfaceOrientationPortrait UIInterfaceOrientationLandscapeLeft UIInterfaceOrientationLandscapeRight";
				LD_RUNPATH_SEARCH_PATHS = (
					"$(inherited)",
					"@executable_path/Frameworks",
				);
				MARKETING_VERSION = 1.0;
				PRODUCT_BUNDLE_IDENTIFIER = com.beyrami.kiliaro;
				PRODUCT_NAME = "$(TARGET_NAME)";
				SWIFT_EMIT_LOC_STRINGS = YES;
				SWIFT_VERSION = 5.0;
				TARGETED_DEVICE_FAMILY = "1,2";
			};
			name = Release;
		};
		7B40A04F275BE7D10021D27D /* Debug */ = {
			isa = XCBuildConfiguration;
			buildSettings = {
				ALWAYS_EMBED_SWIFT_STANDARD_LIBRARIES = YES;
				BUNDLE_LOADER = "$(TEST_HOST)";
				CODE_SIGN_STYLE = Automatic;
				CURRENT_PROJECT_VERSION = 1;
				DEVELOPMENT_TEAM = BW7XZA6U32;
				GENERATE_INFOPLIST_FILE = YES;
				IPHONEOS_DEPLOYMENT_TARGET = 15.0;
				LD_RUNPATH_SEARCH_PATHS = (
					"$(inherited)",
					"@executable_path/Frameworks",
					"@loader_path/Frameworks",
				);
				MARKETING_VERSION = 1.0;
				PRODUCT_BUNDLE_IDENTIFIER = com.beyrami.kiliaroTests;
				PRODUCT_NAME = "$(TARGET_NAME)";
				SWIFT_EMIT_LOC_STRINGS = NO;
				SWIFT_VERSION = 5.0;
				TARGETED_DEVICE_FAMILY = "1,2";
				TEST_HOST = "$(BUILT_PRODUCTS_DIR)/kiliaro.app/kiliaro";
			};
			name = Debug;
		};
		7B40A050275BE7D10021D27D /* Release */ = {
			isa = XCBuildConfiguration;
			buildSettings = {
				ALWAYS_EMBED_SWIFT_STANDARD_LIBRARIES = YES;
				BUNDLE_LOADER = "$(TEST_HOST)";
				CODE_SIGN_STYLE = Automatic;
				CURRENT_PROJECT_VERSION = 1;
				DEVELOPMENT_TEAM = BW7XZA6U32;
				GENERATE_INFOPLIST_FILE = YES;
				IPHONEOS_DEPLOYMENT_TARGET = 15.0;
				LD_RUNPATH_SEARCH_PATHS = (
					"$(inherited)",
					"@executable_path/Frameworks",
					"@loader_path/Frameworks",
				);
				MARKETING_VERSION = 1.0;
				PRODUCT_BUNDLE_IDENTIFIER = com.beyrami.kiliaroTests;
				PRODUCT_NAME = "$(TARGET_NAME)";
				SWIFT_EMIT_LOC_STRINGS = NO;
				SWIFT_VERSION = 5.0;
				TARGETED_DEVICE_FAMILY = "1,2";
				TEST_HOST = "$(BUILT_PRODUCTS_DIR)/kiliaro.app/kiliaro";
			};
			name = Release;
		};
		7B40A052275BE7D10021D27D /* Debug */ = {
			isa = XCBuildConfiguration;
			buildSettings = {
				ALWAYS_EMBED_SWIFT_STANDARD_LIBRARIES = YES;
				CODE_SIGN_STYLE = Automatic;
				CURRENT_PROJECT_VERSION = 1;
				DEVELOPMENT_TEAM = BW7XZA6U32;
				GENERATE_INFOPLIST_FILE = YES;
				LD_RUNPATH_SEARCH_PATHS = (
					"$(inherited)",
					"@executable_path/Frameworks",
					"@loader_path/Frameworks",
				);
				MARKETING_VERSION = 1.0;
				PRODUCT_BUNDLE_IDENTIFIER = com.beyrami.kiliaroUITests;
				PRODUCT_NAME = "$(TARGET_NAME)";
				SWIFT_EMIT_LOC_STRINGS = NO;
				SWIFT_VERSION = 5.0;
				TARGETED_DEVICE_FAMILY = "1,2";
				TEST_TARGET_NAME = kiliaro;
			};
			name = Debug;
		};
		7B40A053275BE7D10021D27D /* Release */ = {
			isa = XCBuildConfiguration;
			buildSettings = {
				ALWAYS_EMBED_SWIFT_STANDARD_LIBRARIES = YES;
				CODE_SIGN_STYLE = Automatic;
				CURRENT_PROJECT_VERSION = 1;
				DEVELOPMENT_TEAM = BW7XZA6U32;
				GENERATE_INFOPLIST_FILE = YES;
				LD_RUNPATH_SEARCH_PATHS = (
					"$(inherited)",
					"@executable_path/Frameworks",
					"@loader_path/Frameworks",
				);
				MARKETING_VERSION = 1.0;
				PRODUCT_BUNDLE_IDENTIFIER = com.beyrami.kiliaroUITests;
				PRODUCT_NAME = "$(TARGET_NAME)";
				SWIFT_EMIT_LOC_STRINGS = NO;
				SWIFT_VERSION = 5.0;
				TARGETED_DEVICE_FAMILY = "1,2";
				TEST_TARGET_NAME = kiliaro;
			};
			name = Release;
		};
/* End XCBuildConfiguration section */

/* Begin XCConfigurationList section */
		7B40A019275BE7CE0021D27D /* Build configuration list for PBXProject "kiliaro" */ = {
			isa = XCConfigurationList;
			buildConfigurations = (
				7B40A049275BE7D10021D27D /* Debug */,
				7B40A04A275BE7D10021D27D /* Release */,
			);
			defaultConfigurationIsVisible = 0;
			defaultConfigurationName = Release;
		};
		7B40A04B275BE7D10021D27D /* Build configuration list for PBXNativeTarget "kiliaro" */ = {
			isa = XCConfigurationList;
			buildConfigurations = (
				7B40A04C275BE7D10021D27D /* Debug */,
				7B40A04D275BE7D10021D27D /* Release */,
			);
			defaultConfigurationIsVisible = 0;
			defaultConfigurationName = Release;
		};
		7B40A04E275BE7D10021D27D /* Build configuration list for PBXNativeTarget "kiliaroTests" */ = {
			isa = XCConfigurationList;
			buildConfigurations = (
				7B40A04F275BE7D10021D27D /* Debug */,
				7B40A050275BE7D10021D27D /* Release */,
			);
			defaultConfigurationIsVisible = 0;
			defaultConfigurationName = Release;
		};
		7B40A051275BE7D10021D27D /* Build configuration list for PBXNativeTarget "kiliaroUITests" */ = {
			isa = XCConfigurationList;
			buildConfigurations = (
				7B40A052275BE7D10021D27D /* Debug */,
				7B40A053275BE7D10021D27D /* Release */,
			);
			defaultConfigurationIsVisible = 0;
			defaultConfigurationName = Release;
		};
/* End XCConfigurationList section */

/* Begin XCVersionGroup section */
		7B40A02A275BE7CE0021D27D /* kiliaro.xcdatamodeld */ = {
			isa = XCVersionGroup;
			children = (
				7B40A02B275BE7CE0021D27D /* kiliaro.xcdatamodel */,
			);
			currentVersion = 7B40A02B275BE7CE0021D27D /* kiliaro.xcdatamodel */;
			path = kiliaro.xcdatamodeld;
			sourceTree = "<group>";
			versionGroupType = wrapper.xcdatamodel;
		};
/* End XCVersionGroup section */
	};
	rootObject = 7B40A016275BE7CE0021D27D /* Project object */;
}
